
Microsoft Visual Studio Solution File, Format Version 12.00
# Visual Studio 15
VisualStudioVersion = 15.0.28010.0
MinimumVisualStudioVersion = 10.0.40219.1
Project("{FAE04EC0-301F-11D3-BF4B-00C04F79EFBC}") = "Palindrome_Number", "Palindrome_Number\Palindrome_Number.csproj", "{1C6475A5-E037-44E0-B123-8235F2C4E9CB}"
EndProject
Global
	GlobalSection(SolutionConfigurationPlatforms) = preSolution
		Debug|Any CPU = Debug|Any CPU
		Release|Any CPU = Release|Any CPU
	EndGlobalSection
	GlobalSection(ProjectConfigurationPlatforms) = postSolution
		{1C6475A5-E037-44E0-B123-8235F2C4E9CB}.Debug|Any CPU.ActiveCfg = Debug|Any CPU
		{1C6475A5-E037-44E0-B123-8235F2C4E9CB}.Debug|Any CPU.Build.0 = Debug|Any CPU
		{1C6475A5-E037-44E0-B123-8235F2C4E9CB}.Release|Any CPU.ActiveCfg = Release|Any CPU
		{1C6475A5-E037-44E0-B123-8235F2C4E9CB}.Release|Any CPU.Build.0 = Release|Any CPU
	EndGlobalSection
	GlobalSection(SolutionProperties) = preSolution
		HideSolutionNode = FALSE
	EndGlobalSection
	GlobalSection(ExtensibilityGlobals) = postSolution
		SolutionGuid = {F1213427-9BA8-41B7-93D6-0E6DAF566122}
	EndGlobalSection
EndGlobal
